// !$*UTF8*$!
{
	archiveVersion = 1;
	classes = {
	};
	objectVersion = 51;
	objects = {

/* Begin PBXBuildFile section */
		642B6EBDF44107F49FE3CFA4 /* Pods_PathFinderTests.framework in Frameworks */ = {isa = PBXBuildFile; fileRef = 6902F817A14DC0B1B59212FE /* Pods_PathFinderTests.framework */; };
		814E738B2469C5BB00EE4028 /* Ext-UIColor.swift in Sources */ = {isa = PBXBuildFile; fileRef = 814E738A2469C5BB00EE4028 /* Ext-UIColor.swift */; };
		815EAE27246A013800D290EA /* ActionButton.swift in Sources */ = {isa = PBXBuildFile; fileRef = 815EAE26246A013800D290EA /* ActionButton.swift */; };
		815EAE29246A050B00D290EA /* HomeViewModel.swift in Sources */ = {isa = PBXBuildFile; fileRef = 815EAE28246A050B00D290EA /* HomeViewModel.swift */; };
		815EAE2B246A06F900D290EA /* Image.swift in Sources */ = {isa = PBXBuildFile; fileRef = 815EAE2A246A06F900D290EA /* Image.swift */; };
		815EAE2D246A0CA800D290EA /* Ext-ViewController.swift in Sources */ = {isa = PBXBuildFile; fileRef = 815EAE2C246A0CA800D290EA /* Ext-ViewController.swift */; };
		815EAE31246A974500D290EA /* Ext-String.swift in Sources */ = {isa = PBXBuildFile; fileRef = 815EAE30246A974500D290EA /* Ext-String.swift */; };
		815EAE33246A9CDD00D290EA /* LocationTextfieldTests.swift in Sources */ = {isa = PBXBuildFile; fileRef = 815EAE32246A9CDD00D290EA /* LocationTextfieldTests.swift */; };
		815EAE35246AA66E00D290EA /* Ext-Double.swift in Sources */ = {isa = PBXBuildFile; fileRef = 815EAE34246AA66E00D290EA /* Ext-Double.swift */; };
		815EAE37246AB5CB00D290EA /* Validator.swift in Sources */ = {isa = PBXBuildFile; fileRef = 815EAE36246AB5CB00D290EA /* Validator.swift */; };
		815EAE3B246C0DB200D290EA /* HomeViewModelTests.swift in Sources */ = {isa = PBXBuildFile; fileRef = 815EAE3A246C0DB200D290EA /* HomeViewModelTests.swift */; };
		815EAE3E246C129900D290EA /* URLCreator.swift in Sources */ = {isa = PBXBuildFile; fileRef = 815EAE3D246C129900D290EA /* URLCreator.swift */; };
		815EAE40246C141E00D290EA /* DataFetcher.swift in Sources */ = {isa = PBXBuildFile; fileRef = 815EAE3F246C141E00D290EA /* DataFetcher.swift */; };
		815EAE42246C144100D290EA /* DataDecoder.swift in Sources */ = {isa = PBXBuildFile; fileRef = 815EAE41246C144100D290EA /* DataDecoder.swift */; };
		815EAE44246C148700D290EA /* LocationSearchEngine.swift in Sources */ = {isa = PBXBuildFile; fileRef = 815EAE43246C148700D290EA /* LocationSearchEngine.swift */; };
		815EAE46246C1E6D00D290EA /* Model.swift in Sources */ = {isa = PBXBuildFile; fileRef = 815EAE45246C1E6D00D290EA /* Model.swift */; };
		815EAE4A246C695200D290EA /* HeaderView.swift in Sources */ = {isa = PBXBuildFile; fileRef = 815EAE49246C695200D290EA /* HeaderView.swift */; };
		81778A322469A88200C01340 /* AppDelegate.swift in Sources */ = {isa = PBXBuildFile; fileRef = 81778A312469A88200C01340 /* AppDelegate.swift */; };
		81778A342469A88200C01340 /* SceneDelegate.swift in Sources */ = {isa = PBXBuildFile; fileRef = 81778A332469A88200C01340 /* SceneDelegate.swift */; };
		81778A362469A88200C01340 /* HomeViewController.swift in Sources */ = {isa = PBXBuildFile; fileRef = 81778A352469A88200C01340 /* HomeViewController.swift */; };
		81778A3B2469A88500C01340 /* Assets.xcassets in Resources */ = {isa = PBXBuildFile; fileRef = 81778A3A2469A88500C01340 /* Assets.xcassets */; };
		81778A3E2469A88500C01340 /* LaunchScreen.storyboard in Resources */ = {isa = PBXBuildFile; fileRef = 81778A3C2469A88500C01340 /* LaunchScreen.storyboard */; };
		81778A492469A88500C01340 /* PathFinderTests.swift in Sources */ = {isa = PBXBuildFile; fileRef = 81778A482469A88500C01340 /* PathFinderTests.swift */; };
		81778A542469A88500C01340 /* PathFinderUITests.swift in Sources */ = {isa = PBXBuildFile; fileRef = 81778A532469A88500C01340 /* PathFinderUITests.swift */; };
		81778A632469AD0E00C01340 /* HomeView.swift in Sources */ = {isa = PBXBuildFile; fileRef = 81778A622469AD0E00C01340 /* HomeView.swift */; };
		81778A652469AFDE00C01340 /* LocationTexfield.swift in Sources */ = {isa = PBXBuildFile; fileRef = 81778A642469AFDE00C01340 /* LocationTexfield.swift */; };
		81778A682469B28B00C01340 /* Ext-UIView.swift in Sources */ = {isa = PBXBuildFile; fileRef = 81778A672469B28B00C01340 /* Ext-UIView.swift */; };
		81778A6A2469B3A200C01340 /* Ext-UIStackView.swift in Sources */ = {isa = PBXBuildFile; fileRef = 81778A692469B3A200C01340 /* Ext-UIStackView.swift */; };
		81778A6E2469B5F700C01340 /* Label.swift in Sources */ = {isa = PBXBuildFile; fileRef = 81778A6D2469B5F700C01340 /* Label.swift */; };
		81778A702469B7CA00C01340 /* Stack.swift in Sources */ = {isa = PBXBuildFile; fileRef = 81778A6F2469B7CA00C01340 /* Stack.swift */; };
		A2335086DC717CAC6711C0AE /* Pods_PathFinder_PathFinderUITests.framework in Frameworks */ = {isa = PBXBuildFile; fileRef = 42293CD4C6D08B0793C596A2 /* Pods_PathFinder_PathFinderUITests.framework */; };
		F2BEF64698BE5413EA624D58 /* Pods_PathFinder.framework in Frameworks */ = {isa = PBXBuildFile; fileRef = 9B9F3D52744FBCA979709F34 /* Pods_PathFinder.framework */; };
/* End PBXBuildFile section */

/* Begin PBXContainerItemProxy section */
		81778A452469A88500C01340 /* PBXContainerItemProxy */ = {
			isa = PBXContainerItemProxy;
			containerPortal = 81778A262469A88200C01340 /* Project object */;
			proxyType = 1;
			remoteGlobalIDString = 81778A2D2469A88200C01340;
			remoteInfo = PathFinder;
		};
		81778A502469A88500C01340 /* PBXContainerItemProxy */ = {
			isa = PBXContainerItemProxy;
			containerPortal = 81778A262469A88200C01340 /* Project object */;
			proxyType = 1;
			remoteGlobalIDString = 81778A2D2469A88200C01340;
			remoteInfo = PathFinder;
		};
/* End PBXContainerItemProxy section */

/* Begin PBXFileReference section */
		0335A6C247186F992A791F25 /* Pods-PathFinderTests.release.xcconfig */ = {isa = PBXFileReference; includeInIndex = 1; lastKnownFileType = text.xcconfig; name = "Pods-PathFinderTests.release.xcconfig"; path = "Target Support Files/Pods-PathFinderTests/Pods-PathFinderTests.release.xcconfig"; sourceTree = "<group>"; };
		1203E1FA31C028003D2EC63D /* Pods-PathFinder-PathFinderUITests.debug.xcconfig */ = {isa = PBXFileReference; includeInIndex = 1; lastKnownFileType = text.xcconfig; name = "Pods-PathFinder-PathFinderUITests.debug.xcconfig"; path = "Target Support Files/Pods-PathFinder-PathFinderUITests/Pods-PathFinder-PathFinderUITests.debug.xcconfig"; sourceTree = "<group>"; };
		42293CD4C6D08B0793C596A2 /* Pods_PathFinder_PathFinderUITests.framework */ = {isa = PBXFileReference; explicitFileType = wrapper.framework; includeInIndex = 0; path = Pods_PathFinder_PathFinderUITests.framework; sourceTree = BUILT_PRODUCTS_DIR; };
		6902F817A14DC0B1B59212FE /* Pods_PathFinderTests.framework */ = {isa = PBXFileReference; explicitFileType = wrapper.framework; includeInIndex = 0; path = Pods_PathFinderTests.framework; sourceTree = BUILT_PRODUCTS_DIR; };
		814E738A2469C5BB00EE4028 /* Ext-UIColor.swift */ = {isa = PBXFileReference; lastKnownFileType = sourcecode.swift; path = "Ext-UIColor.swift"; sourceTree = "<group>"; };
		815EAE26246A013800D290EA /* ActionButton.swift */ = {isa = PBXFileReference; lastKnownFileType = sourcecode.swift; path = ActionButton.swift; sourceTree = "<group>"; };
		815EAE28246A050B00D290EA /* HomeViewModel.swift */ = {isa = PBXFileReference; lastKnownFileType = sourcecode.swift; path = HomeViewModel.swift; sourceTree = "<group>"; };
		815EAE2A246A06F900D290EA /* Image.swift */ = {isa = PBXFileReference; lastKnownFileType = sourcecode.swift; path = Image.swift; sourceTree = "<group>"; };
		815EAE2C246A0CA800D290EA /* Ext-ViewController.swift */ = {isa = PBXFileReference; lastKnownFileType = sourcecode.swift; path = "Ext-ViewController.swift"; sourceTree = "<group>"; };
		815EAE30246A974500D290EA /* Ext-String.swift */ = {isa = PBXFileReference; lastKnownFileType = sourcecode.swift; path = "Ext-String.swift"; sourceTree = "<group>"; };
		815EAE32246A9CDD00D290EA /* LocationTextfieldTests.swift */ = {isa = PBXFileReference; lastKnownFileType = sourcecode.swift; path = LocationTextfieldTests.swift; sourceTree = "<group>"; };
		815EAE34246AA66E00D290EA /* Ext-Double.swift */ = {isa = PBXFileReference; lastKnownFileType = sourcecode.swift; path = "Ext-Double.swift"; sourceTree = "<group>"; };
		815EAE36246AB5CB00D290EA /* Validator.swift */ = {isa = PBXFileReference; lastKnownFileType = sourcecode.swift; path = Validator.swift; sourceTree = "<group>"; };
		815EAE3A246C0DB200D290EA /* HomeViewModelTests.swift */ = {isa = PBXFileReference; lastKnownFileType = sourcecode.swift; path = HomeViewModelTests.swift; sourceTree = "<group>"; };
		815EAE3D246C129900D290EA /* URLCreator.swift */ = {isa = PBXFileReference; lastKnownFileType = sourcecode.swift; path = URLCreator.swift; sourceTree = "<group>"; };
		815EAE3F246C141E00D290EA /* DataFetcher.swift */ = {isa = PBXFileReference; lastKnownFileType = sourcecode.swift; path = DataFetcher.swift; sourceTree = "<group>"; };
		815EAE41246C144100D290EA /* DataDecoder.swift */ = {isa = PBXFileReference; lastKnownFileType = sourcecode.swift; path = DataDecoder.swift; sourceTree = "<group>"; };
		815EAE43246C148700D290EA /* LocationSearchEngine.swift */ = {isa = PBXFileReference; lastKnownFileType = sourcecode.swift; path = LocationSearchEngine.swift; sourceTree = "<group>"; };
		815EAE45246C1E6D00D290EA /* Model.swift */ = {isa = PBXFileReference; lastKnownFileType = sourcecode.swift; path = Model.swift; sourceTree = "<group>"; };
		815EAE49246C695200D290EA /* HeaderView.swift */ = {isa = PBXFileReference; lastKnownFileType = sourcecode.swift; path = HeaderView.swift; sourceTree = "<group>"; };
		81778A2E2469A88200C01340 /* PathFinder.app */ = {isa = PBXFileReference; explicitFileType = wrapper.application; includeInIndex = 0; path = PathFinder.app; sourceTree = BUILT_PRODUCTS_DIR; };
		81778A312469A88200C01340 /* AppDelegate.swift */ = {isa = PBXFileReference; lastKnownFileType = sourcecode.swift; path = AppDelegate.swift; sourceTree = "<group>"; };
		81778A332469A88200C01340 /* SceneDelegate.swift */ = {isa = PBXFileReference; lastKnownFileType = sourcecode.swift; path = SceneDelegate.swift; sourceTree = "<group>"; };
		81778A352469A88200C01340 /* HomeViewController.swift */ = {isa = PBXFileReference; lastKnownFileType = sourcecode.swift; path = HomeViewController.swift; sourceTree = "<group>"; };
		81778A3A2469A88500C01340 /* Assets.xcassets */ = {isa = PBXFileReference; lastKnownFileType = folder.assetcatalog; path = Assets.xcassets; sourceTree = "<group>"; };
		81778A3D2469A88500C01340 /* Base */ = {isa = PBXFileReference; lastKnownFileType = file.storyboard; name = Base; path = Base.lproj/LaunchScreen.storyboard; sourceTree = "<group>"; };
		81778A3F2469A88500C01340 /* Info.plist */ = {isa = PBXFileReference; lastKnownFileType = text.plist.xml; path = Info.plist; sourceTree = "<group>"; };
		81778A442469A88500C01340 /* PathFinderTests.xctest */ = {isa = PBXFileReference; explicitFileType = wrapper.cfbundle; includeInIndex = 0; path = PathFinderTests.xctest; sourceTree = BUILT_PRODUCTS_DIR; };
		81778A482469A88500C01340 /* PathFinderTests.swift */ = {isa = PBXFileReference; lastKnownFileType = sourcecode.swift; path = PathFinderTests.swift; sourceTree = "<group>"; };
		81778A4A2469A88500C01340 /* Info.plist */ = {isa = PBXFileReference; lastKnownFileType = text.plist.xml; path = Info.plist; sourceTree = "<group>"; };
		81778A4F2469A88500C01340 /* PathFinderUITests.xctest */ = {isa = PBXFileReference; explicitFileType = wrapper.cfbundle; includeInIndex = 0; path = PathFinderUITests.xctest; sourceTree = BUILT_PRODUCTS_DIR; };
		81778A532469A88500C01340 /* PathFinderUITests.swift */ = {isa = PBXFileReference; lastKnownFileType = sourcecode.swift; path = PathFinderUITests.swift; sourceTree = "<group>"; };
		81778A552469A88500C01340 /* Info.plist */ = {isa = PBXFileReference; lastKnownFileType = text.plist.xml; path = Info.plist; sourceTree = "<group>"; };
		81778A622469AD0E00C01340 /* HomeView.swift */ = {isa = PBXFileReference; lastKnownFileType = sourcecode.swift; path = HomeView.swift; sourceTree = "<group>"; };
		81778A642469AFDE00C01340 /* LocationTexfield.swift */ = {isa = PBXFileReference; lastKnownFileType = sourcecode.swift; path = LocationTexfield.swift; sourceTree = "<group>"; };
		81778A672469B28B00C01340 /* Ext-UIView.swift */ = {isa = PBXFileReference; lastKnownFileType = sourcecode.swift; path = "Ext-UIView.swift"; sourceTree = "<group>"; };
		81778A692469B3A200C01340 /* Ext-UIStackView.swift */ = {isa = PBXFileReference; lastKnownFileType = sourcecode.swift; path = "Ext-UIStackView.swift"; sourceTree = "<group>"; };
		81778A6D2469B5F700C01340 /* Label.swift */ = {isa = PBXFileReference; fileEncoding = 4; lastKnownFileType = sourcecode.swift; path = Label.swift; sourceTree = "<group>"; };
		81778A6F2469B7CA00C01340 /* Stack.swift */ = {isa = PBXFileReference; lastKnownFileType = sourcecode.swift; path = Stack.swift; sourceTree = "<group>"; };
		9B9F3D52744FBCA979709F34 /* Pods_PathFinder.framework */ = {isa = PBXFileReference; explicitFileType = wrapper.framework; includeInIndex = 0; path = Pods_PathFinder.framework; sourceTree = BUILT_PRODUCTS_DIR; };
		A10C1C5804107B50CFADECBF /* Pods-PathFinder.debug.xcconfig */ = {isa = PBXFileReference; includeInIndex = 1; lastKnownFileType = text.xcconfig; name = "Pods-PathFinder.debug.xcconfig"; path = "Target Support Files/Pods-PathFinder/Pods-PathFinder.debug.xcconfig"; sourceTree = "<group>"; };
		C30D5B7260A69A9E011F6D44 /* Pods-PathFinder.release.xcconfig */ = {isa = PBXFileReference; includeInIndex = 1; lastKnownFileType = text.xcconfig; name = "Pods-PathFinder.release.xcconfig"; path = "Target Support Files/Pods-PathFinder/Pods-PathFinder.release.xcconfig"; sourceTree = "<group>"; };
		F9CD9B02B085483D86FB7D3F /* Pods-PathFinder-PathFinderUITests.release.xcconfig */ = {isa = PBXFileReference; includeInIndex = 1; lastKnownFileType = text.xcconfig; name = "Pods-PathFinder-PathFinderUITests.release.xcconfig"; path = "Target Support Files/Pods-PathFinder-PathFinderUITests/Pods-PathFinder-PathFinderUITests.release.xcconfig"; sourceTree = "<group>"; };
		FDDA69DB939B681F26F5A550 /* Pods-PathFinderTests.debug.xcconfig */ = {isa = PBXFileReference; includeInIndex = 1; lastKnownFileType = text.xcconfig; name = "Pods-PathFinderTests.debug.xcconfig"; path = "Target Support Files/Pods-PathFinderTests/Pods-PathFinderTests.debug.xcconfig"; sourceTree = "<group>"; };
/* End PBXFileReference section */

/* Begin PBXFrameworksBuildPhase section */
		81778A2B2469A88200C01340 /* Frameworks */ = {
			isa = PBXFrameworksBuildPhase;
			buildActionMask = 2147483647;
			files = (
				F2BEF64698BE5413EA624D58 /* Pods_PathFinder.framework in Frameworks */,
			);
			runOnlyForDeploymentPostprocessing = 0;
		};
		81778A412469A88500C01340 /* Frameworks */ = {
			isa = PBXFrameworksBuildPhase;
			buildActionMask = 2147483647;
			files = (
				642B6EBDF44107F49FE3CFA4 /* Pods_PathFinderTests.framework in Frameworks */,
			);
			runOnlyForDeploymentPostprocessing = 0;
		};
		81778A4C2469A88500C01340 /* Frameworks */ = {
			isa = PBXFrameworksBuildPhase;
			buildActionMask = 2147483647;
			files = (
				A2335086DC717CAC6711C0AE /* Pods_PathFinder_PathFinderUITests.framework in Frameworks */,
			);
			runOnlyForDeploymentPostprocessing = 0;
		};
/* End PBXFrameworksBuildPhase section */

/* Begin PBXGroup section */
		2907F27BBBEBB20BFEF131A6 /* Pods */ = {
			isa = PBXGroup;
			children = (
				A10C1C5804107B50CFADECBF /* Pods-PathFinder.debug.xcconfig */,
				C30D5B7260A69A9E011F6D44 /* Pods-PathFinder.release.xcconfig */,
				1203E1FA31C028003D2EC63D /* Pods-PathFinder-PathFinderUITests.debug.xcconfig */,
				F9CD9B02B085483D86FB7D3F /* Pods-PathFinder-PathFinderUITests.release.xcconfig */,
				FDDA69DB939B681F26F5A550 /* Pods-PathFinderTests.debug.xcconfig */,
				0335A6C247186F992A791F25 /* Pods-PathFinderTests.release.xcconfig */,
			);
			path = Pods;
			sourceTree = "<group>";
		};
		814E738C2469CFB000EE4028 /* Custom Classes */ = {
			isa = PBXGroup;
			children = (
				81778A642469AFDE00C01340 /* LocationTexfield.swift */,
				815EAE36246AB5CB00D290EA /* Validator.swift */,
				81778A6D2469B5F700C01340 /* Label.swift */,
				81778A6F2469B7CA00C01340 /* Stack.swift */,
				815EAE26246A013800D290EA /* ActionButton.swift */,
				815EAE2A246A06F900D290EA /* Image.swift */,
				815EAE49246C695200D290EA /* HeaderView.swift */,
			);
			path = "Custom Classes";
			sourceTree = "<group>";
		};
		815EAE3C246C124D00D290EA /* WebService */ = {
			isa = PBXGroup;
			children = (
				815EAE45246C1E6D00D290EA /* Model.swift */,
				815EAE3D246C129900D290EA /* URLCreator.swift */,
				815EAE3F246C141E00D290EA /* DataFetcher.swift */,
				815EAE41246C144100D290EA /* DataDecoder.swift */,
				815EAE43246C148700D290EA /* LocationSearchEngine.swift */,
			);
			path = WebService;
			sourceTree = "<group>";
		};
		81778A252469A88200C01340 = {
			isa = PBXGroup;
			children = (
				81778A302469A88200C01340 /* PathFinder */,
				81778A472469A88500C01340 /* PathFinderTests */,
				81778A522469A88500C01340 /* PathFinderUITests */,
				81778A2F2469A88200C01340 /* Products */,
				2907F27BBBEBB20BFEF131A6 /* Pods */,
				E2F55ED9674D2A760840F4B1 /* Frameworks */,
			);
			sourceTree = "<group>";
		};
		81778A2F2469A88200C01340 /* Products */ = {
			isa = PBXGroup;
			children = (
				81778A2E2469A88200C01340 /* PathFinder.app */,
				81778A442469A88500C01340 /* PathFinderTests.xctest */,
				81778A4F2469A88500C01340 /* PathFinderUITests.xctest */,
			);
			name = Products;
			sourceTree = "<group>";
		};
		81778A302469A88200C01340 /* PathFinder */ = {
			isa = PBXGroup;
			children = (
				81778A312469A88200C01340 /* AppDelegate.swift */,
				81778A332469A88200C01340 /* SceneDelegate.swift */,
				815EAE3C246C124D00D290EA /* WebService */,
				814E738C2469CFB000EE4028 /* Custom Classes */,
				81778A662469B27C00C01340 /* Extensions */,
				81778A612469ACEA00C01340 /* HomeView */,
				81778A3A2469A88500C01340 /* Assets.xcassets */,
				81778A3C2469A88500C01340 /* LaunchScreen.storyboard */,
				81778A3F2469A88500C01340 /* Info.plist */,
			);
			path = PathFinder;
			sourceTree = "<group>";
		};
		81778A472469A88500C01340 /* PathFinderTests */ = {
			isa = PBXGroup;
			children = (
				81778A482469A88500C01340 /* PathFinderTests.swift */,
				815EAE32246A9CDD00D290EA /* LocationTextfieldTests.swift */,
				815EAE3A246C0DB200D290EA /* HomeViewModelTests.swift */,
				81778A4A2469A88500C01340 /* Info.plist */,
			);
			path = PathFinderTests;
			sourceTree = "<group>";
		};
		81778A522469A88500C01340 /* PathFinderUITests */ = {
			isa = PBXGroup;
			children = (
				81778A532469A88500C01340 /* PathFinderUITests.swift */,
				81778A552469A88500C01340 /* Info.plist */,
			);
			path = PathFinderUITests;
			sourceTree = "<group>";
		};
		81778A612469ACEA00C01340 /* HomeView */ = {
			isa = PBXGroup;
			children = (
				81778A352469A88200C01340 /* HomeViewController.swift */,
				81778A622469AD0E00C01340 /* HomeView.swift */,
				815EAE28246A050B00D290EA /* HomeViewModel.swift */,
			);
			path = HomeView;
			sourceTree = "<group>";
		};
		81778A662469B27C00C01340 /* Extensions */ = {
			isa = PBXGroup;
			children = (
				81778A672469B28B00C01340 /* Ext-UIView.swift */,
				81778A692469B3A200C01340 /* Ext-UIStackView.swift */,
				814E738A2469C5BB00EE4028 /* Ext-UIColor.swift */,
				815EAE2C246A0CA800D290EA /* Ext-ViewController.swift */,
				815EAE30246A974500D290EA /* Ext-String.swift */,
				815EAE34246AA66E00D290EA /* Ext-Double.swift */,
			);
			path = Extensions;
			sourceTree = "<group>";
		};
		E2F55ED9674D2A760840F4B1 /* Frameworks */ = {
			isa = PBXGroup;
			children = (
				9B9F3D52744FBCA979709F34 /* Pods_PathFinder.framework */,
				42293CD4C6D08B0793C596A2 /* Pods_PathFinder_PathFinderUITests.framework */,
				6902F817A14DC0B1B59212FE /* Pods_PathFinderTests.framework */,
			);
			name = Frameworks;
			sourceTree = "<group>";
		};
/* End PBXGroup section */

/* Begin PBXNativeTarget section */
		81778A2D2469A88200C01340 /* PathFinder */ = {
			isa = PBXNativeTarget;
			buildConfigurationList = 81778A582469A88500C01340 /* Build configuration list for PBXNativeTarget "PathFinder" */;
			buildPhases = (
				C3A71939CF06D6D25F985554 /* [CP] Check Pods Manifest.lock */,
				81778A2A2469A88200C01340 /* Sources */,
				81778A2B2469A88200C01340 /* Frameworks */,
				81778A2C2469A88200C01340 /* Resources */,
				805A72045B9743DDF6DB0E58 /* [CP] Embed Pods Frameworks */,
			);
			buildRules = (
			);
			dependencies = (
			);
			name = PathFinder;
			productName = PathFinder;
			productReference = 81778A2E2469A88200C01340 /* PathFinder.app */;
			productType = "com.apple.product-type.application";
		};
		81778A432469A88500C01340 /* PathFinderTests */ = {
			isa = PBXNativeTarget;
			buildConfigurationList = 81778A5B2469A88500C01340 /* Build configuration list for PBXNativeTarget "PathFinderTests" */;
			buildPhases = (
				54993A81D2B5A1A414B530BB /* [CP] Check Pods Manifest.lock */,
				81778A402469A88500C01340 /* Sources */,
				81778A412469A88500C01340 /* Frameworks */,
				81778A422469A88500C01340 /* Resources */,
			);
			buildRules = (
			);
			dependencies = (
				81778A462469A88500C01340 /* PBXTargetDependency */,
			);
			name = PathFinderTests;
			productName = PathFinderTests;
			productReference = 81778A442469A88500C01340 /* PathFinderTests.xctest */;
			productType = "com.apple.product-type.bundle.unit-test";
		};
		81778A4E2469A88500C01340 /* PathFinderUITests */ = {
			isa = PBXNativeTarget;
			buildConfigurationList = 81778A5E2469A88500C01340 /* Build configuration list for PBXNativeTarget "PathFinderUITests" */;
			buildPhases = (
				08B0E8DA382F657FAE05C0B6 /* [CP] Check Pods Manifest.lock */,
				81778A4B2469A88500C01340 /* Sources */,
				81778A4C2469A88500C01340 /* Frameworks */,
				81778A4D2469A88500C01340 /* Resources */,
				1A244514C361AF6BDB3564AB /* [CP] Embed Pods Frameworks */,
			);
			buildRules = (
			);
			dependencies = (
				81778A512469A88500C01340 /* PBXTargetDependency */,
			);
			name = PathFinderUITests;
			productName = PathFinderUITests;
			productReference = 81778A4F2469A88500C01340 /* PathFinderUITests.xctest */;
			productType = "com.apple.product-type.bundle.ui-testing";
		};
/* End PBXNativeTarget section */

/* Begin PBXProject section */
		81778A262469A88200C01340 /* Project object */ = {
			isa = PBXProject;
			attributes = {
				LastSwiftUpdateCheck = 1130;
				LastUpgradeCheck = 1130;
				ORGANIZATIONNAME = "Timothy Stokarski";
				TargetAttributes = {
					81778A2D2469A88200C01340 = {
						CreatedOnToolsVersion = 11.3.1;
					};
					81778A432469A88500C01340 = {
						CreatedOnToolsVersion = 11.3.1;
						TestTargetID = 81778A2D2469A88200C01340;
					};
					81778A4E2469A88500C01340 = {
						CreatedOnToolsVersion = 11.3.1;
						TestTargetID = 81778A2D2469A88200C01340;
					};
				};
			};
			buildConfigurationList = 81778A292469A88200C01340 /* Build configuration list for PBXProject "PathFinder" */;
			compatibilityVersion = "Xcode 9.3";
			developmentRegion = en;
			hasScannedForEncodings = 0;
			knownRegions = (
				en,
				Base,
			);
			mainGroup = 81778A252469A88200C01340;
			productRefGroup = 81778A2F2469A88200C01340 /* Products */;
			projectDirPath = "";
			projectRoot = "";
			targets = (
				81778A2D2469A88200C01340 /* PathFinder */,
				81778A432469A88500C01340 /* PathFinderTests */,
				81778A4E2469A88500C01340 /* PathFinderUITests */,
			);
		};
/* End PBXProject section */

/* Begin PBXResourcesBuildPhase section */
		81778A2C2469A88200C01340 /* Resources */ = {
			isa = PBXResourcesBuildPhase;
			buildActionMask = 2147483647;
			files = (
				81778A3E2469A88500C01340 /* LaunchScreen.storyboard in Resources */,
				81778A3B2469A88500C01340 /* Assets.xcassets in Resources */,
			);
			runOnlyForDeploymentPostprocessing = 0;
		};
		81778A422469A88500C01340 /* Resources */ = {
			isa = PBXResourcesBuildPhase;
			buildActionMask = 2147483647;
			files = (
			);
			runOnlyForDeploymentPostprocessing = 0;
		};
		81778A4D2469A88500C01340 /* Resources */ = {
			isa = PBXResourcesBuildPhase;
			buildActionMask = 2147483647;
			files = (
			);
			runOnlyForDeploymentPostprocessing = 0;
		};
/* End PBXResourcesBuildPhase section */

/* Begin PBXShellScriptBuildPhase section */
		08B0E8DA382F657FAE05C0B6 /* [CP] Check Pods Manifest.lock */ = {
			isa = PBXShellScriptBuildPhase;
			buildActionMask = 2147483647;
			files = (
			);
			inputFileListPaths = (
			);
			inputPaths = (
				"${PODS_PODFILE_DIR_PATH}/Podfile.lock",
				"${PODS_ROOT}/Manifest.lock",
			);
			name = "[CP] Check Pods Manifest.lock";
			outputFileListPaths = (
			);
			outputPaths = (
				"$(DERIVED_FILE_DIR)/Pods-PathFinder-PathFinderUITests-checkManifestLockResult.txt",
			);
			runOnlyForDeploymentPostprocessing = 0;
			shellPath = /bin/sh;
			shellScript = "diff \"${PODS_PODFILE_DIR_PATH}/Podfile.lock\" \"${PODS_ROOT}/Manifest.lock\" > /dev/null\nif [ $? != 0 ] ; then\n    # print error to STDERR\n    echo \"error: The sandbox is not in sync with the Podfile.lock. Run 'pod install' or update your CocoaPods installation.\" >&2\n    exit 1\nfi\n# This output is used by Xcode 'outputs' to avoid re-running this script phase.\necho \"SUCCESS\" > \"${SCRIPT_OUTPUT_FILE_0}\"\n";
			showEnvVarsInLog = 0;
		};
		1A244514C361AF6BDB3564AB /* [CP] Embed Pods Frameworks */ = {
			isa = PBXShellScriptBuildPhase;
			buildActionMask = 2147483647;
			files = (
			);
			inputFileListPaths = (
				"${PODS_ROOT}/Target Support Files/Pods-PathFinder-PathFinderUITests/Pods-PathFinder-PathFinderUITests-frameworks-${CONFIGURATION}-input-files.xcfilelist",
			);
			name = "[CP] Embed Pods Frameworks";
			outputFileListPaths = (
				"${PODS_ROOT}/Target Support Files/Pods-PathFinder-PathFinderUITests/Pods-PathFinder-PathFinderUITests-frameworks-${CONFIGURATION}-output-files.xcfilelist",
			);
			runOnlyForDeploymentPostprocessing = 0;
			shellPath = /bin/sh;
			shellScript = "\"${PODS_ROOT}/Target Support Files/Pods-PathFinder-PathFinderUITests/Pods-PathFinder-PathFinderUITests-frameworks.sh\"\n";
			showEnvVarsInLog = 0;
		};
		54993A81D2B5A1A414B530BB /* [CP] Check Pods Manifest.lock */ = {
			isa = PBXShellScriptBuildPhase;
			buildActionMask = 2147483647;
			files = (
			);
			inputFileListPaths = (
			);
			inputPaths = (
				"${PODS_PODFILE_DIR_PATH}/Podfile.lock",
				"${PODS_ROOT}/Manifest.lock",
			);
			name = "[CP] Check Pods Manifest.lock";
			outputFileListPaths = (
			);
			outputPaths = (
				"$(DERIVED_FILE_DIR)/Pods-PathFinderTests-checkManifestLockResult.txt",
			);
			runOnlyForDeploymentPostprocessing = 0;
			shellPath = /bin/sh;
			shellScript = "diff \"${PODS_PODFILE_DIR_PATH}/Podfile.lock\" \"${PODS_ROOT}/Manifest.lock\" > /dev/null\nif [ $? != 0 ] ; then\n    # print error to STDERR\n    echo \"error: The sandbox is not in sync with the Podfile.lock. Run 'pod install' or update your CocoaPods installation.\" >&2\n    exit 1\nfi\n# This output is used by Xcode 'outputs' to avoid re-running this script phase.\necho \"SUCCESS\" > \"${SCRIPT_OUTPUT_FILE_0}\"\n";
			showEnvVarsInLog = 0;
		};
		805A72045B9743DDF6DB0E58 /* [CP] Embed Pods Frameworks */ = {
			isa = PBXShellScriptBuildPhase;
			buildActionMask = 2147483647;
			files = (
			);
			inputFileListPaths = (
				"${PODS_ROOT}/Target Support Files/Pods-PathFinder/Pods-PathFinder-frameworks-${CONFIGURATION}-input-files.xcfilelist",
			);
			name = "[CP] Embed Pods Frameworks";
			outputFileListPaths = (
				"${PODS_ROOT}/Target Support Files/Pods-PathFinder/Pods-PathFinder-frameworks-${CONFIGURATION}-output-files.xcfilelist",
			);
			runOnlyForDeploymentPostprocessing = 0;
			shellPath = /bin/sh;
			shellScript = "\"${PODS_ROOT}/Target Support Files/Pods-PathFinder/Pods-PathFinder-frameworks.sh\"\n";
			showEnvVarsInLog = 0;
		};
		C3A71939CF06D6D25F985554 /* [CP] Check Pods Manifest.lock */ = {
			isa = PBXShellScriptBuildPhase;
			buildActionMask = 2147483647;
			files = (
			);
			inputFileListPaths = (
			);
			inputPaths = (
				"${PODS_PODFILE_DIR_PATH}/Podfile.lock",
				"${PODS_ROOT}/Manifest.lock",
			);
			name = "[CP] Check Pods Manifest.lock";
			outputFileListPaths = (
			);
			outputPaths = (
				"$(DERIVED_FILE_DIR)/Pods-PathFinder-checkManifestLockResult.txt",
			);
			runOnlyForDeploymentPostprocessing = 0;
			shellPath = /bin/sh;
			shellScript = "diff \"${PODS_PODFILE_DIR_PATH}/Podfile.lock\" \"${PODS_ROOT}/Manifest.lock\" > /dev/null\nif [ $? != 0 ] ; then\n    # print error to STDERR\n    echo \"error: The sandbox is not in sync with the Podfile.lock. Run 'pod install' or update your CocoaPods installation.\" >&2\n    exit 1\nfi\n# This output is used by Xcode 'outputs' to avoid re-running this script phase.\necho \"SUCCESS\" > \"${SCRIPT_OUTPUT_FILE_0}\"\n";
			showEnvVarsInLog = 0;
		};
/* End PBXShellScriptBuildPhase section */

/* Begin PBXSourcesBuildPhase section */
		81778A2A2469A88200C01340 /* Sources */ = {
			isa = PBXSourcesBuildPhase;
			buildActionMask = 2147483647;
			files = (
				815EAE42246C144100D290EA /* DataDecoder.swift in Sources */,
				815EAE31246A974500D290EA /* Ext-String.swift in Sources */,
				815EAE44246C148700D290EA /* LocationSearchEngine.swift in Sources */,
				815EAE2D246A0CA800D290EA /* Ext-ViewController.swift in Sources */,
				81778A682469B28B00C01340 /* Ext-UIView.swift in Sources */,
				81778A702469B7CA00C01340 /* Stack.swift in Sources */,
				815EAE35246AA66E00D290EA /* Ext-Double.swift in Sources */,
				81778A6E2469B5F700C01340 /* Label.swift in Sources */,
				815EAE27246A013800D290EA /* ActionButton.swift in Sources */,
				81778A362469A88200C01340 /* HomeViewController.swift in Sources */,
				81778A6A2469B3A200C01340 /* Ext-UIStackView.swift in Sources */,
				815EAE2B246A06F900D290EA /* Image.swift in Sources */,
				81778A632469AD0E00C01340 /* HomeView.swift in Sources */,
				815EAE29246A050B00D290EA /* HomeViewModel.swift in Sources */,
				815EAE37246AB5CB00D290EA /* Validator.swift in Sources */,
				81778A322469A88200C01340 /* AppDelegate.swift in Sources */,
				814E738B2469C5BB00EE4028 /* Ext-UIColor.swift in Sources */,
				815EAE3E246C129900D290EA /* URLCreator.swift in Sources */,
				81778A342469A88200C01340 /* SceneDelegate.swift in Sources */,
				815EAE46246C1E6D00D290EA /* Model.swift in Sources */,
				815EAE40246C141E00D290EA /* DataFetcher.swift in Sources */,
				815EAE4A246C695200D290EA /* HeaderView.swift in Sources */,
				81778A652469AFDE00C01340 /* LocationTexfield.swift in Sources */,
			);
			runOnlyForDeploymentPostprocessing = 0;
		};
		81778A402469A88500C01340 /* Sources */ = {
			isa = PBXSourcesBuildPhase;
			buildActionMask = 2147483647;
			files = (
				815EAE33246A9CDD00D290EA /* LocationTextfieldTests.swift in Sources */,
				81778A492469A88500C01340 /* PathFinderTests.swift in Sources */,
				815EAE3B246C0DB200D290EA /* HomeViewModelTests.swift in Sources */,
			);
			runOnlyForDeploymentPostprocessing = 0;
		};
		81778A4B2469A88500C01340 /* Sources */ = {
			isa = PBXSourcesBuildPhase;
			buildActionMask = 2147483647;
			files = (
				81778A542469A88500C01340 /* PathFinderUITests.swift in Sources */,
			);
			runOnlyForDeploymentPostprocessing = 0;
		};
/* End PBXSourcesBuildPhase section */

/* Begin PBXTargetDependency section */
		81778A462469A88500C01340 /* PBXTargetDependency */ = {
			isa = PBXTargetDependency;
			target = 81778A2D2469A88200C01340 /* PathFinder */;
			targetProxy = 81778A452469A88500C01340 /* PBXContainerItemProxy */;
		};
		81778A512469A88500C01340 /* PBXTargetDependency */ = {
			isa = PBXTargetDependency;
			target = 81778A2D2469A88200C01340 /* PathFinder */;
			targetProxy = 81778A502469A88500C01340 /* PBXContainerItemProxy */;
		};
/* End PBXTargetDependency section */

/* Begin PBXVariantGroup section */
		81778A3C2469A88500C01340 /* LaunchScreen.storyboard */ = {
			isa = PBXVariantGroup;
			children = (
				81778A3D2469A88500C01340 /* Base */,
			);
			name = LaunchScreen.storyboard;
			sourceTree = "<group>";
		};
/* End PBXVariantGroup section */

/* Begin XCBuildConfiguration section */
		81778A562469A88500C01340 /* Debug */ = {
			isa = XCBuildConfiguration;
			buildSettings = {
				ALWAYS_SEARCH_USER_PATHS = NO;
				CLANG_ANALYZER_NONNULL = YES;
				CLANG_ANALYZER_NUMBER_OBJECT_CONVERSION = YES_AGGRESSIVE;
				CLANG_CXX_LANGUAGE_STANDARD = "gnu++14";
				CLANG_CXX_LIBRARY = "libc++";
				CLANG_ENABLE_MODULES = YES;
				CLANG_ENABLE_OBJC_ARC = YES;
				CLANG_ENABLE_OBJC_WEAK = YES;
				CLANG_WARN_BLOCK_CAPTURE_AUTORELEASING = YES;
				CLANG_WARN_BOOL_CONVERSION = YES;
				CLANG_WARN_COMMA = YES;
				CLANG_WARN_CONSTANT_CONVERSION = YES;
				CLANG_WARN_DEPRECATED_OBJC_IMPLEMENTATIONS = YES;
				CLANG_WARN_DIRECT_OBJC_ISA_USAGE = YES_ERROR;
				CLANG_WARN_DOCUMENTATION_COMMENTS = YES;
				CLANG_WARN_EMPTY_BODY = YES;
				CLANG_WARN_ENUM_CONVERSION = YES;
				CLANG_WARN_INFINITE_RECURSION = YES;
				CLANG_WARN_INT_CONVERSION = YES;
				CLANG_WARN_NON_LITERAL_NULL_CONVERSION = YES;
				CLANG_WARN_OBJC_IMPLICIT_RETAIN_SELF = YES;
				CLANG_WARN_OBJC_LITERAL_CONVERSION = YES;
				CLANG_WARN_OBJC_ROOT_CLASS = YES_ERROR;
				CLANG_WARN_RANGE_LOOP_ANALYSIS = YES;
				CLANG_WARN_STRICT_PROTOTYPES = YES;
				CLANG_WARN_SUSPICIOUS_MOVE = YES;
				CLANG_WARN_UNGUARDED_AVAILABILITY = YES_AGGRESSIVE;
				CLANG_WARN_UNREACHABLE_CODE = YES;
				CLANG_WARN__DUPLICATE_METHOD_MATCH = YES;
				COPY_PHASE_STRIP = NO;
				DEBUG_INFORMATION_FORMAT = dwarf;
				ENABLE_STRICT_OBJC_MSGSEND = YES;
				ENABLE_TESTABILITY = YES;
				GCC_C_LANGUAGE_STANDARD = gnu11;
				GCC_DYNAMIC_NO_PIC = NO;
				GCC_NO_COMMON_BLOCKS = YES;
				GCC_OPTIMIZATION_LEVEL = 0;
				GCC_PREPROCESSOR_DEFINITIONS = (
					"DEBUG=1",
					"$(inherited)",
				);
				GCC_WARN_64_TO_32_BIT_CONVERSION = YES;
				GCC_WARN_ABOUT_RETURN_TYPE = YES_ERROR;
				GCC_WARN_UNDECLARED_SELECTOR = YES;
				GCC_WARN_UNINITIALIZED_AUTOS = YES_AGGRESSIVE;
				GCC_WARN_UNUSED_FUNCTION = YES;
				GCC_WARN_UNUSED_VARIABLE = YES;
				IPHONEOS_DEPLOYMENT_TARGET = 13.2;
				MTL_ENABLE_DEBUG_INFO = INCLUDE_SOURCE;
				MTL_FAST_MATH = YES;
				ONLY_ACTIVE_ARCH = YES;
				SDKROOT = iphoneos;
				SWIFT_ACTIVE_COMPILATION_CONDITIONS = DEBUG;
				SWIFT_OPTIMIZATION_LEVEL = "-Onone";
			};
			name = Debug;
		};
		81778A572469A88500C01340 /* Release */ = {
			isa = XCBuildConfiguration;
			buildSettings = {
				ALWAYS_SEARCH_USER_PATHS = NO;
				CLANG_ANALYZER_NONNULL = YES;
				CLANG_ANALYZER_NUMBER_OBJECT_CONVERSION = YES_AGGRESSIVE;
				CLANG_CXX_LANGUAGE_STANDARD = "gnu++14";
				CLANG_CXX_LIBRARY = "libc++";
				CLANG_ENABLE_MODULES = YES;
				CLANG_ENABLE_OBJC_ARC = YES;
				CLANG_ENABLE_OBJC_WEAK = YES;
				CLANG_WARN_BLOCK_CAPTURE_AUTORELEASING = YES;
				CLANG_WARN_BOOL_CONVERSION = YES;
				CLANG_WARN_COMMA = YES;
				CLANG_WARN_CONSTANT_CONVERSION = YES;
				CLANG_WARN_DEPRECATED_OBJC_IMPLEMENTATIONS = YES;
				CLANG_WARN_DIRECT_OBJC_ISA_USAGE = YES_ERROR;
				CLANG_WARN_DOCUMENTATION_COMMENTS = YES;
				CLANG_WARN_EMPTY_BODY = YES;
				CLANG_WARN_ENUM_CONVERSION = YES;
				CLANG_WARN_INFINITE_RECURSION = YES;
				CLANG_WARN_INT_CONVERSION = YES;
				CLANG_WARN_NON_LITERAL_NULL_CONVERSION = YES;
				CLANG_WARN_OBJC_IMPLICIT_RETAIN_SELF = YES;
				CLANG_WARN_OBJC_LITERAL_CONVERSION = YES;
				CLANG_WARN_OBJC_ROOT_CLASS = YES_ERROR;
				CLANG_WARN_RANGE_LOOP_ANALYSIS = YES;
				CLANG_WARN_STRICT_PROTOTYPES = YES;
				CLANG_WARN_SUSPICIOUS_MOVE = YES;
				CLANG_WARN_UNGUARDED_AVAILABILITY = YES_AGGRESSIVE;
				CLANG_WARN_UNREACHABLE_CODE = YES;
				CLANG_WARN__DUPLICATE_METHOD_MATCH = YES;
				COPY_PHASE_STRIP = NO;
				DEBUG_INFORMATION_FORMAT = "dwarf-with-dsym";
				ENABLE_NS_ASSERTIONS = NO;
				ENABLE_STRICT_OBJC_MSGSEND = YES;
				GCC_C_LANGUAGE_STANDARD = gnu11;
				GCC_NO_COMMON_BLOCKS = YES;
				GCC_WARN_64_TO_32_BIT_CONVERSION = YES;
				GCC_WARN_ABOUT_RETURN_TYPE = YES_ERROR;
				GCC_WARN_UNDECLARED_SELECTOR = YES;
				GCC_WARN_UNINITIALIZED_AUTOS = YES_AGGRESSIVE;
				GCC_WARN_UNUSED_FUNCTION = YES;
				GCC_WARN_UNUSED_VARIABLE = YES;
				IPHONEOS_DEPLOYMENT_TARGET = 13.2;
				MTL_ENABLE_DEBUG_INFO = NO;
				MTL_FAST_MATH = YES;
				SDKROOT = iphoneos;
				SWIFT_COMPILATION_MODE = wholemodule;
				SWIFT_OPTIMIZATION_LEVEL = "-O";
				VALIDATE_PRODUCT = YES;
			};
			name = Release;
		};
		81778A592469A88500C01340 /* Debug */ = {
			isa = XCBuildConfiguration;
			baseConfigurationReference = A10C1C5804107B50CFADECBF /* Pods-PathFinder.debug.xcconfig */;
			buildSettings = {
				ASSETCATALOG_COMPILER_APPICON_NAME = AppIcon;
				CODE_SIGN_STYLE = Automatic;
				DEVELOPMENT_TEAM = KM42VYU5F9;
				INFOPLIST_FILE = PathFinder/Info.plist;
				LD_RUNPATH_SEARCH_PATHS = (
					"$(inherited)",
					"@executable_path/Frameworks",
				);
				PRODUCT_BUNDLE_IDENTIFIER = timothystokarski.PathFinder;
				PRODUCT_NAME = "$(TARGET_NAME)";
				SWIFT_VERSION = 5.0;
				TARGETED_DEVICE_FAMILY = "1,2";
			};
			name = Debug;
		};
		81778A5A2469A88500C01340 /* Release */ = {
			isa = XCBuildConfiguration;
			baseConfigurationReference = C30D5B7260A69A9E011F6D44 /* Pods-PathFinder.release.xcconfig */;
			buildSettings = {
				ASSETCATALOG_COMPILER_APPICON_NAME = AppIcon;
				CODE_SIGN_STYLE = Automatic;
				DEVELOPMENT_TEAM = KM42VYU5F9;
				INFOPLIST_FILE = PathFinder/Info.plist;
				LD_RUNPATH_SEARCH_PATHS = (
					"$(inherited)",
					"@executable_path/Frameworks",
				);
				PRODUCT_BUNDLE_IDENTIFIER = timothystokarski.PathFinder;
				PRODUCT_NAME = "$(TARGET_NAME)";
				SWIFT_VERSION = 5.0;
				TARGETED_DEVICE_FAMILY = "1,2";
			};
			name = Release;
		};
		81778A5C2469A88500C01340 /* Debug */ = {
			isa = XCBuildConfiguration;
			baseConfigurationReference = FDDA69DB939B681F26F5A550 /* Pods-PathFinderTests.debug.xcconfig */;
			buildSettings = {
				ALWAYS_EMBED_SWIFT_STANDARD_LIBRARIES = YES;
				BUNDLE_LOADER = "$(TEST_HOST)";
				CODE_SIGN_STYLE = Automatic;
				DEVELOPMENT_TEAM = KM42VYU5F9;
				INFOPLIST_FILE = PathFinderTests/Info.plist;
				IPHONEOS_DEPLOYMENT_TARGET = 13.2;
				LD_RUNPATH_SEARCH_PATHS = (
					"$(inherited)",
					"@executable_path/Frameworks",
					"@loader_path/Frameworks",
				);
				PRODUCT_BUNDLE_IDENTIFIER = timothystokarski.PathFinderTests;
				PRODUCT_NAME = "$(TARGET_NAME)";
				SWIFT_VERSION = 5.0;
				TARGETED_DEVICE_FAMILY = "1,2";
				TEST_HOST = "$(BUILT_PRODUCTS_DIR)/PathFinder.app/PathFinder";
			};
			name = Debug;
		};
		81778A5D2469A88500C01340 /* Release */ = {
			isa = XCBuildConfiguration;
			baseConfigurationReference = 0335A6C247186F992A791F25 /* Pods-PathFinderTests.release.xcconfig */;
			buildSettings = {
				ALWAYS_EMBED_SWIFT_STANDARD_LIBRARIES = YES;
				BUNDLE_LOADER = "$(TEST_HOST)";
				CODE_SIGN_STYLE = Automatic;
				DEVELOPMENT_TEAM = KM42VYU5F9;
				INFOPLIST_FILE = PathFinderTests/Info.plist;
				IPHONEOS_DEPLOYMENT_TARGET = 13.2;
				LD_RUNPATH_SEARCH_PATHS = (
					"$(inherited)",
					"@executable_path/Frameworks",
					"@loader_path/Frameworks",
				);
				PRODUCT_BUNDLE_IDENTIFIER = timothystokarski.PathFinderTests;
				PRODUCT_NAME = "$(TARGET_NAME)";
				SWIFT_VERSION = 5.0;
				TARGETED_DEVICE_FAMILY = "1,2";
				TEST_HOST = "$(BUILT_PRODUCTS_DIR)/PathFinder.app/PathFinder";
			};
			name = Release;
		};
		81778A5F2469A88500C01340 /* Debug */ = {
			isa = XCBuildConfiguration;
			baseConfigurationReference = 1203E1FA31C028003D2EC63D /* Pods-PathFinder-PathFinderUITests.debug.xcconfig */;
			buildSettings = {
				ALWAYS_EMBED_SWIFT_STANDARD_LIBRARIES = YES;
				CODE_SIGN_STYLE = Automatic;
				DEVELOPMENT_TEAM = KM42VYU5F9;
				INFOPLIST_FILE = PathFinderUITests/Info.plist;
				LD_RUNPATH_SEARCH_PATHS = (
					"$(inherited)",
					"@executable_path/Frameworks",
					"@loader_path/Frameworks",
				);
				PRODUCT_BUNDLE_IDENTIFIER = timothystokarski.PathFinderUITests;
				PRODUCT_NAME = "$(TARGET_NAME)";
				SWIFT_VERSION = 5.0;
				TARGETED_DEVICE_FAMILY = "1,2";
				TEST_TARGET_NAME = PathFinder;
			};
			name = Debug;
		};
		81778A602469A88500C01340 /* Release */ = {
			isa = XCBuildConfiguration;
			baseConfigurationReference = F9CD9B02B085483D86FB7D3F /* Pods-PathFinder-PathFinderUITests.release.xcconfig */;
			buildSettings = {
				ALWAYS_EMBED_SWIFT_STANDARD_LIBRARIES = YES;
				CODE_SIGN_STYLE = Automatic;
				DEVELOPMENT_TEAM = KM42VYU5F9;
				INFOPLIST_FILE = PathFinderUITests/Info.plist;
				LD_RUNPATH_SEARCH_PATHS = (
					"$(inherited)",
					"@executable_path/Frameworks",
					"@loader_path/Frameworks",
				);
				PRODUCT_BUNDLE_IDENTIFIER = timothystokarski.PathFinderUITests;
				PRODUCT_NAME = "$(TARGET_NAME)";
				SWIFT_VERSION = 5.0;
				TARGETED_DEVICE_FAMILY = "1,2";
				TEST_TARGET_NAME = PathFinder;
			};
			name = Release;
		};
/* End XCBuildConfiguration section */

/* Begin XCConfigurationList section */
		81778A292469A88200C01340 /* Build configuration list for PBXProject "PathFinder" */ = {
			isa = XCConfigurationList;
			buildConfigurations = (
				81778A562469A88500C01340 /* Debug */,
				81778A572469A88500C01340 /* Release */,
			);
			defaultConfigurationIsVisible = 0;
			defaultConfigurationName = Release;
		};
		81778A582469A88500C01340 /* Build configuration list for PBXNativeTarget "PathFinder" */ = {
			isa = XCConfigurationList;
			buildConfigurations = (
				81778A592469A88500C01340 /* Debug */,
				81778A5A2469A88500C01340 /* Release */,
			);
			defaultConfigurationIsVisible = 0;
			defaultConfigurationName = Release;
		};
		81778A5B2469A88500C01340 /* Build configuration list for PBXNativeTarget "PathFinderTests" */ = {
			isa = XCConfigurationList;
			buildConfigurations = (
				81778A5C2469A88500C01340 /* Debug */,
				81778A5D2469A88500C01340 /* Release */,
			);
			defaultConfigurationIsVisible = 0;
			defaultConfigurationName = Release;
		};
		81778A5E2469A88500C01340 /* Build configuration list for PBXNativeTarget "PathFinderUITests" */ = {
			isa = XCConfigurationList;
			buildConfigurations = (
				81778A5F2469A88500C01340 /* Debug */,
				81778A602469A88500C01340 /* Release */,
			);
			defaultConfigurationIsVisible = 0;
			defaultConfigurationName = Release;
		};
/* End XCConfigurationList section */
	};
	rootObject = 81778A262469A88200C01340 /* Project object */;
}
