// !$*UTF8*$!
{
	archiveVersion = 1;
	classes = {
	};
	objectVersion = 50;
	objects = {

/* Begin PBXBuildFile section */
		81778A322469A88200C01340 /* AppDelegate.swift in Sources */ = {isa = PBXBuildFile; fileRef = 81778A312469A88200C01340 /* AppDelegate.swift */; };
		81778A342469A88200C01340 /* SceneDelegate.swift in Sources */ = {isa = PBXBuildFile; fileRef = 81778A332469A88200C01340 /* SceneDelegate.swift */; };
		81778A362469A88200C01340 /* HomeViewController.swift in Sources */ = {isa = PBXBuildFile; fileRef = 81778A352469A88200C01340 /* HomeViewController.swift */; };
		81778A3B2469A88500C01340 /* Assets.xcassets in Resources */ = {isa = PBXBuildFile; fileRef = 81778A3A2469A88500C01340 /* Assets.xcassets */; };
		81778A3E2469A88500C01340 /* LaunchScreen.storyboard in Resources */ = {isa = PBXBuildFile; fileRef = 81778A3C2469A88500C01340 /* LaunchScreen.storyboard */; };
		81778A492469A88500C01340 /* PathFinderTests.swift in Sources */ = {isa = PBXBuildFile; fileRef = 81778A482469A88500C01340 /* PathFinderTests.swift */; };
		81778A542469A88500C01340 /* PathFinderUITests.swift in Sources */ = {isa = PBXBuildFile; fileRef = 81778A532469A88500C01340 /* PathFinderUITests.swift */; };
/* End PBXBuildFile section */

/* Begin PBXContainerItemProxy section */
		81778A452469A88500C01340 /* PBXContainerItemProxy */ = {
			isa = PBXContainerItemProxy;
			containerPortal = 81778A262469A88200C01340 /* Project object */;
			proxyType = 1;
			remoteGlobalIDString = 81778A2D2469A88200C01340;
			remoteInfo = PathFinder;
		};
		81778A502469A88500C01340 /* PBXContainerItemProxy */ = {
			isa = PBXContainerItemProxy;
			containerPortal = 81778A262469A88200C01340 /* Project object */;
			proxyType = 1;
			remoteGlobalIDString = 81778A2D2469A88200C01340;
			remoteInfo = PathFinder;
		};
/* End PBXContainerItemProxy section */

/* Begin PBXFileReference section */
		81778A2E2469A88200C01340 /* PathFinder.app */ = {isa = PBXFileReference; explicitFileType = wrapper.application; includeInIndex = 0; path = PathFinder.app; sourceTree = BUILT_PRODUCTS_DIR; };
		81778A312469A88200C01340 /* AppDelegate.swift */ = {isa = PBXFileReference; lastKnownFileType = sourcecode.swift; path = AppDelegate.swift; sourceTree = "<group>"; };
		81778A332469A88200C01340 /* SceneDelegate.swift */ = {isa = PBXFileReference; lastKnownFileType = sourcecode.swift; path = SceneDelegate.swift; sourceTree = "<group>"; };
		81778A352469A88200C01340 /* HomeViewController.swift */ = {isa = PBXFileReference; lastKnownFileType = sourcecode.swift; path = HomeViewController.swift; sourceTree = "<group>"; };
		81778A3A2469A88500C01340 /* Assets.xcassets */ = {isa = PBXFileReference; lastKnownFileType = folder.assetcatalog; path = Assets.xcassets; sourceTree = "<group>"; };
		81778A3D2469A88500C01340 /* Base */ = {isa = PBXFileReference; lastKnownFileType = file.storyboard; name = Base; path = Base.lproj/LaunchScreen.storyboard; sourceTree = "<group>"; };
		81778A3F2469A88500C01340 /* Info.plist */ = {isa = PBXFileReference; lastKnownFileType = text.plist.xml; path = Info.plist; sourceTree = "<group>"; };
		81778A442469A88500C01340 /* PathFinderTests.xctest */ = {isa = PBXFileReference; explicitFileType = wrapper.cfbundle; includeInIndex = 0; path = PathFinderTests.xctest; sourceTree = BUILT_PRODUCTS_DIR; };
		81778A482469A88500C01340 /* PathFinderTests.swift */ = {isa = PBXFileReference; lastKnownFileType = sourcecode.swift; path = PathFinderTests.swift; sourceTree = "<group>"; };
		81778A4A2469A88500C01340 /* Info.plist */ = {isa = PBXFileReference; lastKnownFileType = text.plist.xml; path = Info.plist; sourceTree = "<group>"; };
		81778A4F2469A88500C01340 /* PathFinderUITests.xctest */ = {isa = PBXFileReference; explicitFileType = wrapper.cfbundle; includeInIndex = 0; path = PathFinderUITests.xctest; sourceTree = BUILT_PRODUCTS_DIR; };
		81778A532469A88500C01340 /* PathFinderUITests.swift */ = {isa = PBXFileReference; lastKnownFileType = sourcecode.swift; path = PathFinderUITests.swift; sourceTree = "<group>"; };
		81778A552469A88500C01340 /* Info.plist */ = {isa = PBXFileReference; lastKnownFileType = text.plist.xml; path = Info.plist; sourceTree = "<group>"; };
/* End PBXFileReference section */

/* Begin PBXFrameworksBuildPhase section */
		81778A2B2469A88200C01340 /* Frameworks */ = {
			isa = PBXFrameworksBuildPhase;
			buildActionMask = 2147483647;
			files = (
			);
			runOnlyForDeploymentPostprocessing = 0;
		};
		81778A412469A88500C01340 /* Frameworks */ = {
			isa = PBXFrameworksBuildPhase;
			buildActionMask = 2147483647;
			files = (
			);
			runOnlyForDeploymentPostprocessing = 0;
		};
		81778A4C2469A88500C01340 /* Frameworks */ = {
			isa = PBXFrameworksBuildPhase;
			buildActionMask = 2147483647;
			files = (
			);
			runOnlyForDeploymentPostprocessing = 0;
		};
/* End PBXFrameworksBuildPhase section */

/* Begin PBXGroup section */
		81778A252469A88200C01340 = {
			isa = PBXGroup;
			children = (
				81778A302469A88200C01340 /* PathFinder */,
				81778A472469A88500C01340 /* PathFinderTests */,
				81778A522469A88500C01340 /* PathFinderUITests */,
				81778A2F2469A88200C01340 /* Products */,
			);
			sourceTree = "<group>";
		};
		81778A2F2469A88200C01340 /* Products */ = {
			isa = PBXGroup;
			children = (
				81778A2E2469A88200C01340 /* PathFinder.app */,
				81778A442469A88500C01340 /* PathFinderTests.xctest */,
				81778A4F2469A88500C01340 /* PathFinderUITests.xctest */,
			);
			name = Products;
			sourceTree = "<group>";
		};
		81778A302469A88200C01340 /* PathFinder */ = {
			isa = PBXGroup;
			children = (
				81778A312469A88200C01340 /* AppDelegate.swift */,
				81778A332469A88200C01340 /* SceneDelegate.swift */,
				81778A352469A88200C01340 /* HomeViewController.swift */,
				81778A3A2469A88500C01340 /* Assets.xcassets */,
				81778A3C2469A88500C01340 /* LaunchScreen.storyboard */,
				81778A3F2469A88500C01340 /* Info.plist */,
			);
			path = PathFinder;
			sourceTree = "<group>";
		};
		81778A472469A88500C01340 /* PathFinderTests */ = {
			isa = PBXGroup;
			children = (
				81778A482469A88500C01340 /* PathFinderTests.swift */,
				81778A4A2469A88500C01340 /* Info.plist */,
			);
			path = PathFinderTests;
			sourceTree = "<group>";
		};
		81778A522469A88500C01340 /* PathFinderUITests */ = {
			isa = PBXGroup;
			children = (
				81778A532469A88500C01340 /* PathFinderUITests.swift */,
				81778A552469A88500C01340 /* Info.plist */,
			);
			path = PathFinderUITests;
			sourceTree = "<group>";
		};
/* End PBXGroup section */

/* Begin PBXNativeTarget section */
		81778A2D2469A88200C01340 /* PathFinder */ = {
			isa = PBXNativeTarget;
			buildConfigurationList = 81778A582469A88500C01340 /* Build configuration list for PBXNativeTarget "PathFinder" */;
			buildPhases = (
				81778A2A2469A88200C01340 /* Sources */,
				81778A2B2469A88200C01340 /* Frameworks */,
				81778A2C2469A88200C01340 /* Resources */,
			);
			buildRules = (
			);
			dependencies = (
			);
			name = PathFinder;
			productName = PathFinder;
			productReference = 81778A2E2469A88200C01340 /* PathFinder.app */;
			productType = "com.apple.product-type.application";
		};
		81778A432469A88500C01340 /* PathFinderTests */ = {
			isa = PBXNativeTarget;
			buildConfigurationList = 81778A5B2469A88500C01340 /* Build configuration list for PBXNativeTarget "PathFinderTests" */;
			buildPhases = (
				81778A402469A88500C01340 /* Sources */,
				81778A412469A88500C01340 /* Frameworks */,
				81778A422469A88500C01340 /* Resources */,
			);
			buildRules = (
			);
			dependencies = (
				81778A462469A88500C01340 /* PBXTargetDependency */,
			);
			name = PathFinderTests;
			productName = PathFinderTests;
			productReference = 81778A442469A88500C01340 /* PathFinderTests.xctest */;
			productType = "com.apple.product-type.bundle.unit-test";
		};
		81778A4E2469A88500C01340 /* PathFinderUITests */ = {
			isa = PBXNativeTarget;
			buildConfigurationList = 81778A5E2469A88500C01340 /* Build configuration list for PBXNativeTarget "PathFinderUITests" */;
			buildPhases = (
				81778A4B2469A88500C01340 /* Sources */,
				81778A4C2469A88500C01340 /* Frameworks */,
				81778A4D2469A88500C01340 /* Resources */,
			);
			buildRules = (
			);
			dependencies = (
				81778A512469A88500C01340 /* PBXTargetDependency */,
			);
			name = PathFinderUITests;
			productName = PathFinderUITests;
			productReference = 81778A4F2469A88500C01340 /* PathFinderUITests.xctest */;
			productType = "com.apple.product-type.bundle.ui-testing";
		};
/* End PBXNativeTarget section */

/* Begin PBXProject section */
		81778A262469A88200C01340 /* Project object */ = {
			isa = PBXProject;
			attributes = {
				LastSwiftUpdateCheck = 1130;
				LastUpgradeCheck = 1130;
				ORGANIZATIONNAME = "Timothy Stokarski";
				TargetAttributes = {
					81778A2D2469A88200C01340 = {
						CreatedOnToolsVersion = 11.3.1;
					};
					81778A432469A88500C01340 = {
						CreatedOnToolsVersion = 11.3.1;
						TestTargetID = 81778A2D2469A88200C01340;
					};
					81778A4E2469A88500C01340 = {
						CreatedOnToolsVersion = 11.3.1;
						TestTargetID = 81778A2D2469A88200C01340;
					};
				};
			};
			buildConfigurationList = 81778A292469A88200C01340 /* Build configuration list for PBXProject "PathFinder" */;
			compatibilityVersion = "Xcode 9.3";
			developmentRegion = en;
			hasScannedForEncodings = 0;
			knownRegions = (
				en,
				Base,
			);
			mainGroup = 81778A252469A88200C01340;
			productRefGroup = 81778A2F2469A88200C01340 /* Products */;
			projectDirPath = "";
			projectRoot = "";
			targets = (
				81778A2D2469A88200C01340 /* PathFinder */,
				81778A432469A88500C01340 /* PathFinderTests */,
				81778A4E2469A88500C01340 /* PathFinderUITests */,
			);
		};
/* End PBXProject section */

/* Begin PBXResourcesBuildPhase section */
		81778A2C2469A88200C01340 /* Resources */ = {
			isa = PBXResourcesBuildPhase;
			buildActionMask = 2147483647;
			files = (
				81778A3E2469A88500C01340 /* LaunchScreen.storyboard in Resources */,
				81778A3B2469A88500C01340 /* Assets.xcassets in Resources */,
			);
			runOnlyForDeploymentPostprocessing = 0;
		};
		81778A422469A88500C01340 /* Resources */ = {
			isa = PBXResourcesBuildPhase;
			buildActionMask = 2147483647;
			files = (
			);
			runOnlyForDeploymentPostprocessing = 0;
		};
		81778A4D2469A88500C01340 /* Resources */ = {
			isa = PBXResourcesBuildPhase;
			buildActionMask = 2147483647;
			files = (
			);
			runOnlyForDeploymentPostprocessing = 0;
		};
/* End PBXResourcesBuildPhase section */

/* Begin PBXSourcesBuildPhase section */
		81778A2A2469A88200C01340 /* Sources */ = {
			isa = PBXSourcesBuildPhase;
			buildActionMask = 2147483647;
			files = (
				81778A362469A88200C01340 /* HomeViewController.swift in Sources */,
				81778A322469A88200C01340 /* AppDelegate.swift in Sources */,
				81778A342469A88200C01340 /* SceneDelegate.swift in Sources */,
			);
			runOnlyForDeploymentPostprocessing = 0;
		};
		81778A402469A88500C01340 /* Sources */ = {
			isa = PBXSourcesBuildPhase;
			buildActionMask = 2147483647;
			files = (
				81778A492469A88500C01340 /* PathFinderTests.swift in Sources */,
			);
			runOnlyForDeploymentPostprocessing = 0;
		};
		81778A4B2469A88500C01340 /* Sources */ = {
			isa = PBXSourcesBuildPhase;
			buildActionMask = 2147483647;
			files = (
				81778A542469A88500C01340 /* PathFinderUITests.swift in Sources */,
			);
			runOnlyForDeploymentPostprocessing = 0;
		};
/* End PBXSourcesBuildPhase section */

/* Begin PBXTargetDependency section */
		81778A462469A88500C01340 /* PBXTargetDependency */ = {
			isa = PBXTargetDependency;
			target = 81778A2D2469A88200C01340 /* PathFinder */;
			targetProxy = 81778A452469A88500C01340 /* PBXContainerItemProxy */;
		};
		81778A512469A88500C01340 /* PBXTargetDependency */ = {
			isa = PBXTargetDependency;
			target = 81778A2D2469A88200C01340 /* PathFinder */;
			targetProxy = 81778A502469A88500C01340 /* PBXContainerItemProxy */;
		};
/* End PBXTargetDependency section */

/* Begin PBXVariantGroup section */
		81778A3C2469A88500C01340 /* LaunchScreen.storyboard */ = {
			isa = PBXVariantGroup;
			children = (
				81778A3D2469A88500C01340 /* Base */,
			);
			name = LaunchScreen.storyboard;
			sourceTree = "<group>";
		};
/* End PBXVariantGroup section */

/* Begin XCBuildConfiguration section */
		81778A562469A88500C01340 /* Debug */ = {
			isa = XCBuildConfiguration;
			buildSettings = {
				ALWAYS_SEARCH_USER_PATHS = NO;
				CLANG_ANALYZER_NONNULL = YES;
				CLANG_ANALYZER_NUMBER_OBJECT_CONVERSION = YES_AGGRESSIVE;
				CLANG_CXX_LANGUAGE_STANDARD = "gnu++14";
				CLANG_CXX_LIBRARY = "libc++";
				CLANG_ENABLE_MODULES = YES;
				CLANG_ENABLE_OBJC_ARC = YES;
				CLANG_ENABLE_OBJC_WEAK = YES;
				CLANG_WARN_BLOCK_CAPTURE_AUTORELEASING = YES;
				CLANG_WARN_BOOL_CONVERSION = YES;
				CLANG_WARN_COMMA = YES;
				CLANG_WARN_CONSTANT_CONVERSION = YES;
				CLANG_WARN_DEPRECATED_OBJC_IMPLEMENTATIONS = YES;
				CLANG_WARN_DIRECT_OBJC_ISA_USAGE = YES_ERROR;
				CLANG_WARN_DOCUMENTATION_COMMENTS = YES;
				CLANG_WARN_EMPTY_BODY = YES;
				CLANG_WARN_ENUM_CONVERSION = YES;
				CLANG_WARN_INFINITE_RECURSION = YES;
				CLANG_WARN_INT_CONVERSION = YES;
				CLANG_WARN_NON_LITERAL_NULL_CONVERSION = YES;
				CLANG_WARN_OBJC_IMPLICIT_RETAIN_SELF = YES;
				CLANG_WARN_OBJC_LITERAL_CONVERSION = YES;
				CLANG_WARN_OBJC_ROOT_CLASS = YES_ERROR;
				CLANG_WARN_RANGE_LOOP_ANALYSIS = YES;
				CLANG_WARN_STRICT_PROTOTYPES = YES;
				CLANG_WARN_SUSPICIOUS_MOVE = YES;
				CLANG_WARN_UNGUARDED_AVAILABILITY = YES_AGGRESSIVE;
				CLANG_WARN_UNREACHABLE_CODE = YES;
				CLANG_WARN__DUPLICATE_METHOD_MATCH = YES;
				COPY_PHASE_STRIP = NO;
				DEBUG_INFORMATION_FORMAT = dwarf;
				ENABLE_STRICT_OBJC_MSGSEND = YES;
				ENABLE_TESTABILITY = YES;
				GCC_C_LANGUAGE_STANDARD = gnu11;
				GCC_DYNAMIC_NO_PIC = NO;
				GCC_NO_COMMON_BLOCKS = YES;
				GCC_OPTIMIZATION_LEVEL = 0;
				GCC_PREPROCESSOR_DEFINITIONS = (
					"DEBUG=1",
					"$(inherited)",
				);
				GCC_WARN_64_TO_32_BIT_CONVERSION = YES;
				GCC_WARN_ABOUT_RETURN_TYPE = YES_ERROR;
				GCC_WARN_UNDECLARED_SELECTOR = YES;
				GCC_WARN_UNINITIALIZED_AUTOS = YES_AGGRESSIVE;
				GCC_WARN_UNUSED_FUNCTION = YES;
				GCC_WARN_UNUSED_VARIABLE = YES;
				IPHONEOS_DEPLOYMENT_TARGET = 13.2;
				MTL_ENABLE_DEBUG_INFO = INCLUDE_SOURCE;
				MTL_FAST_MATH = YES;
				ONLY_ACTIVE_ARCH = YES;
				SDKROOT = iphoneos;
				SWIFT_ACTIVE_COMPILATION_CONDITIONS = DEBUG;
				SWIFT_OPTIMIZATION_LEVEL = "-Onone";
			};
			name = Debug;
		};
		81778A572469A88500C01340 /* Release */ = {
			isa = XCBuildConfiguration;
			buildSettings = {
				ALWAYS_SEARCH_USER_PATHS = NO;
				CLANG_ANALYZER_NONNULL = YES;
				CLANG_ANALYZER_NUMBER_OBJECT_CONVERSION = YES_AGGRESSIVE;
				CLANG_CXX_LANGUAGE_STANDARD = "gnu++14";
				CLANG_CXX_LIBRARY = "libc++";
				CLANG_ENABLE_MODULES = YES;
				CLANG_ENABLE_OBJC_ARC = YES;
				CLANG_ENABLE_OBJC_WEAK = YES;
				CLANG_WARN_BLOCK_CAPTURE_AUTORELEASING = YES;
				CLANG_WARN_BOOL_CONVERSION = YES;
				CLANG_WARN_COMMA = YES;
				CLANG_WARN_CONSTANT_CONVERSION = YES;
				CLANG_WARN_DEPRECATED_OBJC_IMPLEMENTATIONS = YES;
				CLANG_WARN_DIRECT_OBJC_ISA_USAGE = YES_ERROR;
				CLANG_WARN_DOCUMENTATION_COMMENTS = YES;
				CLANG_WARN_EMPTY_BODY = YES;
				CLANG_WARN_ENUM_CONVERSION = YES;
				CLANG_WARN_INFINITE_RECURSION = YES;
				CLANG_WARN_INT_CONVERSION = YES;
				CLANG_WARN_NON_LITERAL_NULL_CONVERSION = YES;
				CLANG_WARN_OBJC_IMPLICIT_RETAIN_SELF = YES;
				CLANG_WARN_OBJC_LITERAL_CONVERSION = YES;
				CLANG_WARN_OBJC_ROOT_CLASS = YES_ERROR;
				CLANG_WARN_RANGE_LOOP_ANALYSIS = YES;
				CLANG_WARN_STRICT_PROTOTYPES = YES;
				CLANG_WARN_SUSPICIOUS_MOVE = YES;
				CLANG_WARN_UNGUARDED_AVAILABILITY = YES_AGGRESSIVE;
				CLANG_WARN_UNREACHABLE_CODE = YES;
				CLANG_WARN__DUPLICATE_METHOD_MATCH = YES;
				COPY_PHASE_STRIP = NO;
				DEBUG_INFORMATION_FORMAT = "dwarf-with-dsym";
				ENABLE_NS_ASSERTIONS = NO;
				ENABLE_STRICT_OBJC_MSGSEND = YES;
				GCC_C_LANGUAGE_STANDARD = gnu11;
				GCC_NO_COMMON_BLOCKS = YES;
				GCC_WARN_64_TO_32_BIT_CONVERSION = YES;
				GCC_WARN_ABOUT_RETURN_TYPE = YES_ERROR;
				GCC_WARN_UNDECLARED_SELECTOR = YES;
				GCC_WARN_UNINITIALIZED_AUTOS = YES_AGGRESSIVE;
				GCC_WARN_UNUSED_FUNCTION = YES;
				GCC_WARN_UNUSED_VARIABLE = YES;
				IPHONEOS_DEPLOYMENT_TARGET = 13.2;
				MTL_ENABLE_DEBUG_INFO = NO;
				MTL_FAST_MATH = YES;
				SDKROOT = iphoneos;
				SWIFT_COMPILATION_MODE = wholemodule;
				SWIFT_OPTIMIZATION_LEVEL = "-O";
				VALIDATE_PRODUCT = YES;
			};
			name = Release;
		};
		81778A592469A88500C01340 /* Debug */ = {
			isa = XCBuildConfiguration;
			buildSettings = {
				ASSETCATALOG_COMPILER_APPICON_NAME = AppIcon;
				CODE_SIGN_STYLE = Automatic;
				DEVELOPMENT_TEAM = KM42VYU5F9;
				INFOPLIST_FILE = PathFinder/Info.plist;
				LD_RUNPATH_SEARCH_PATHS = (
					"$(inherited)",
					"@executable_path/Frameworks",
				);
				PRODUCT_BUNDLE_IDENTIFIER = timothystokarski.PathFinder;
				PRODUCT_NAME = "$(TARGET_NAME)";
				SWIFT_VERSION = 5.0;
				TARGETED_DEVICE_FAMILY = "1,2";
			};
			name = Debug;
		};
		81778A5A2469A88500C01340 /* Release */ = {
			isa = XCBuildConfiguration;
			buildSettings = {
				ASSETCATALOG_COMPILER_APPICON_NAME = AppIcon;
				CODE_SIGN_STYLE = Automatic;
				DEVELOPMENT_TEAM = KM42VYU5F9;
				INFOPLIST_FILE = PathFinder/Info.plist;
				LD_RUNPATH_SEARCH_PATHS = (
					"$(inherited)",
					"@executable_path/Frameworks",
				);
				PRODUCT_BUNDLE_IDENTIFIER = timothystokarski.PathFinder;
				PRODUCT_NAME = "$(TARGET_NAME)";
				SWIFT_VERSION = 5.0;
				TARGETED_DEVICE_FAMILY = "1,2";
			};
			name = Release;
		};
		81778A5C2469A88500C01340 /* Debug */ = {
			isa = XCBuildConfiguration;
			buildSettings = {
				ALWAYS_EMBED_SWIFT_STANDARD_LIBRARIES = YES;
				BUNDLE_LOADER = "$(TEST_HOST)";
				CODE_SIGN_STYLE = Automatic;
				DEVELOPMENT_TEAM = KM42VYU5F9;
				INFOPLIST_FILE = PathFinderTests/Info.plist;
				IPHONEOS_DEPLOYMENT_TARGET = 13.2;
				LD_RUNPATH_SEARCH_PATHS = (
					"$(inherited)",
					"@executable_path/Frameworks",
					"@loader_path/Frameworks",
				);
				PRODUCT_BUNDLE_IDENTIFIER = timothystokarski.PathFinderTests;
				PRODUCT_NAME = "$(TARGET_NAME)";
				SWIFT_VERSION = 5.0;
				TARGETED_DEVICE_FAMILY = "1,2";
				TEST_HOST = "$(BUILT_PRODUCTS_DIR)/PathFinder.app/PathFinder";
			};
			name = Debug;
		};
		81778A5D2469A88500C01340 /* Release */ = {
			isa = XCBuildConfiguration;
			buildSettings = {
				ALWAYS_EMBED_SWIFT_STANDARD_LIBRARIES = YES;
				BUNDLE_LOADER = "$(TEST_HOST)";
				CODE_SIGN_STYLE = Automatic;
				DEVELOPMENT_TEAM = KM42VYU5F9;
				INFOPLIST_FILE = PathFinderTests/Info.plist;
				IPHONEOS_DEPLOYMENT_TARGET = 13.2;
				LD_RUNPATH_SEARCH_PATHS = (
					"$(inherited)",
					"@executable_path/Frameworks",
					"@loader_path/Frameworks",
				);
				PRODUCT_BUNDLE_IDENTIFIER = timothystokarski.PathFinderTests;
				PRODUCT_NAME = "$(TARGET_NAME)";
				SWIFT_VERSION = 5.0;
				TARGETED_DEVICE_FAMILY = "1,2";
				TEST_HOST = "$(BUILT_PRODUCTS_DIR)/PathFinder.app/PathFinder";
			};
			name = Release;
		};
		81778A5F2469A88500C01340 /* Debug */ = {
			isa = XCBuildConfiguration;
			buildSettings = {
				ALWAYS_EMBED_SWIFT_STANDARD_LIBRARIES = YES;
				CODE_SIGN_STYLE = Automatic;
				DEVELOPMENT_TEAM = KM42VYU5F9;
				INFOPLIST_FILE = PathFinderUITests/Info.plist;
				LD_RUNPATH_SEARCH_PATHS = (
					"$(inherited)",
					"@executable_path/Frameworks",
					"@loader_path/Frameworks",
				);
				PRODUCT_BUNDLE_IDENTIFIER = timothystokarski.PathFinderUITests;
				PRODUCT_NAME = "$(TARGET_NAME)";
				SWIFT_VERSION = 5.0;
				TARGETED_DEVICE_FAMILY = "1,2";
				TEST_TARGET_NAME = PathFinder;
			};
			name = Debug;
		};
		81778A602469A88500C01340 /* Release */ = {
			isa = XCBuildConfiguration;
			buildSettings = {
				ALWAYS_EMBED_SWIFT_STANDARD_LIBRARIES = YES;
				CODE_SIGN_STYLE = Automatic;
				DEVELOPMENT_TEAM = KM42VYU5F9;
				INFOPLIST_FILE = PathFinderUITests/Info.plist;
				LD_RUNPATH_SEARCH_PATHS = (
					"$(inherited)",
					"@executable_path/Frameworks",
					"@loader_path/Frameworks",
				);
				PRODUCT_BUNDLE_IDENTIFIER = timothystokarski.PathFinderUITests;
				PRODUCT_NAME = "$(TARGET_NAME)";
				SWIFT_VERSION = 5.0;
				TARGETED_DEVICE_FAMILY = "1,2";
				TEST_TARGET_NAME = PathFinder;
			};
			name = Release;
		};
/* End XCBuildConfiguration section */

/* Begin XCConfigurationList section */
		81778A292469A88200C01340 /* Build configuration list for PBXProject "PathFinder" */ = {
			isa = XCConfigurationList;
			buildConfigurations = (
				81778A562469A88500C01340 /* Debug */,
				81778A572469A88500C01340 /* Release */,
			);
			defaultConfigurationIsVisible = 0;
			defaultConfigurationName = Release;
		};
		81778A582469A88500C01340 /* Build configuration list for PBXNativeTarget "PathFinder" */ = {
			isa = XCConfigurationList;
			buildConfigurations = (
				81778A592469A88500C01340 /* Debug */,
				81778A5A2469A88500C01340 /* Release */,
			);
			defaultConfigurationIsVisible = 0;
			defaultConfigurationName = Release;
		};
		81778A5B2469A88500C01340 /* Build configuration list for PBXNativeTarget "PathFinderTests" */ = {
			isa = XCConfigurationList;
			buildConfigurations = (
				81778A5C2469A88500C01340 /* Debug */,
				81778A5D2469A88500C01340 /* Release */,
			);
			defaultConfigurationIsVisible = 0;
			defaultConfigurationName = Release;
		};
		81778A5E2469A88500C01340 /* Build configuration list for PBXNativeTarget "PathFinderUITests" */ = {
			isa = XCConfigurationList;
			buildConfigurations = (
				81778A5F2469A88500C01340 /* Debug */,
				81778A602469A88500C01340 /* Release */,
			);
			defaultConfigurationIsVisible = 0;
			defaultConfigurationName = Release;
		};
/* End XCConfigurationList section */
	};
	rootObject = 81778A262469A88200C01340 /* Project object */;
}
